
Microsoft Visual Studio Solution File, Format Version 12.00
# Visual Studio Version 17
VisualStudioVersion = 17.14.36623.8
MinimumVisualStudioVersion = 10.0.40219.1
Project("{FAE04EC0-301F-11D3-BF4B-00C04F79EFBC}") = "Task Management_System", "Task Management_System\Task Management_System.csproj", "{942A1C40-08A2-49E6-9DEF-66F9A0682C92}"
EndProject
Global
	GlobalSection(SolutionConfigurationPlatforms) = preSolution
		Debug|Any CPU = Debug|Any CPU
		Release|Any CPU = Release|Any CPU
	EndGlobalSection
	GlobalSection(ProjectConfigurationPlatforms) = postSolution
		{942A1C40-08A2-49E6-9DEF-66F9A0682C92}.Debug|Any CPU.ActiveCfg = Debug|Any CPU
		{942A1C40-08A2-49E6-9DEF-66F9A0682C92}.Debug|Any CPU.Build.0 = Debug|Any CPU
		{942A1C40-08A2-49E6-9DEF-66F9A0682C92}.Release|Any CPU.ActiveCfg = Release|Any CPU
		{942A1C40-08A2-49E6-9DEF-66F9A0682C92}.Release|Any CPU.Build.0 = Release|Any CPU
	EndGlobalSection
	GlobalSection(SolutionProperties) = preSolution
		HideSolutionNode = FALSE
	EndGlobalSection
	GlobalSection(ExtensibilityGlobals) = postSolution
		SolutionGuid = {1CEE463A-F1ED-47D6-A512-BF785A9C6EDD}
	EndGlobalSection
EndGlobal
